
Microsoft Visual Studio Solution File, Format Version 12.00
# Visual Studio Version 17
VisualStudioVersion = 17.4.33110.190
MinimumVisualStudioVersion = 10.0.40219.1
Project("{FAE04EC0-301F-11D3-BF4B-00C04F79EFBC}") = "ICL.Mediator.AzureFunction", "ICL.Mediator.AzureFunction\ICL.Mediator.AzureFunction.csproj", "{5D863177-88CF-485F-B70C-2D433A45F1E7}"
EndProject
Global
	GlobalSection(SolutionConfigurationPlatforms) = preSolution
		Debug|Any CPU = Debug|Any CPU
		Release|Any CPU = Release|Any CPU
	EndGlobalSection
	GlobalSection(ProjectConfigurationPlatforms) = postSolution
		{5D863177-88CF-485F-B70C-2D433A45F1E7}.Debug|Any CPU.ActiveCfg = Debug|Any CPU
		{5D863177-88CF-485F-B70C-2D433A45F1E7}.Debug|Any CPU.Build.0 = Debug|Any CPU
		{5D863177-88CF-485F-B70C-2D433A45F1E7}.Release|Any CPU.ActiveCfg = Release|Any CPU
		{5D863177-88CF-485F-B70C-2D433A45F1E7}.Release|Any CPU.Build.0 = Release|Any CPU
	EndGlobalSection
	GlobalSection(SolutionProperties) = preSolution
		HideSolutionNode = FALSE
	EndGlobalSection
	GlobalSection(ExtensibilityGlobals) = postSolution
		SolutionGuid = {61245C5F-DB89-451D-BA6E-BEFB41965147}
	EndGlobalSection
EndGlobal
